
Microsoft Visual Studio Solution File, Format Version 12.00
# Visual Studio Version 17
VisualStudioVersion = 17.7.34018.315
MinimumVisualStudioVersion = 10.0.40219.1
Project("{FAE04EC0-301F-11D3-BF4B-00C04F79EFBC}") = "CS_HomeWork_13.7", "CS_HomeWork_13.7.csproj", "{7FBD31D2-9C0A-470E-BBE1-FA13F1F5AF69}"
EndProject
Global
	GlobalSection(SolutionConfigurationPlatforms) = preSolution
		Debug|Any CPU = Debug|Any CPU
		Release|Any CPU = Release|Any CPU
	EndGlobalSection
	GlobalSection(ProjectConfigurationPlatforms) = postSolution
		{7FBD31D2-9C0A-470E-BBE1-FA13F1F5AF69}.Debug|Any CPU.ActiveCfg = Debug|Any CPU
		{7FBD31D2-9C0A-470E-BBE1-FA13F1F5AF69}.Debug|Any CPU.Build.0 = Debug|Any CPU
		{7FBD31D2-9C0A-470E-BBE1-FA13F1F5AF69}.Release|Any CPU.ActiveCfg = Release|Any CPU
		{7FBD31D2-9C0A-470E-BBE1-FA13F1F5AF69}.Release|Any CPU.Build.0 = Release|Any CPU
	EndGlobalSection
	GlobalSection(SolutionProperties) = preSolution
		HideSolutionNode = FALSE
	EndGlobalSection
	GlobalSection(ExtensibilityGlobals) = postSolution
		SolutionGuid = {06418606-1AC9-487D-A8CB-1F094622E807}
	EndGlobalSection
EndGlobal
